
Microsoft Visual Studio Solution File, Format Version 12.00
# Visual Studio Version 17
VisualStudioVersion = 17.5.33414.496
MinimumVisualStudioVersion = 10.0.40219.1
Project("{FAE04EC0-301F-11D3-BF4B-00C04F79EFBC}") = "AljabarLibraries", "AljabarLibraries\AljabarLibraries.csproj", "{8489254E-B6DD-4357-AC16-596CC6318E4A}"
EndProject
Project("{FAE04EC0-301F-11D3-BF4B-00C04F79EFBC}") = "Driver", "Driver\Driver.csproj", "{A87083DC-CBE5-4365-B4D8-661DE8C634D4}"
EndProject
Global
	GlobalSection(SolutionConfigurationPlatforms) = preSolution
		Debug|Any CPU = Debug|Any CPU
		Release|Any CPU = Release|Any CPU
	EndGlobalSection
	GlobalSection(ProjectConfigurationPlatforms) = postSolution
		{8489254E-B6DD-4357-AC16-596CC6318E4A}.Debug|Any CPU.ActiveCfg = Debug|Any CPU
		{8489254E-B6DD-4357-AC16-596CC6318E4A}.Debug|Any CPU.Build.0 = Debug|Any CPU
		{8489254E-B6DD-4357-AC16-596CC6318E4A}.Release|Any CPU.ActiveCfg = Release|Any CPU
		{8489254E-B6DD-4357-AC16-596CC6318E4A}.Release|Any CPU.Build.0 = Release|Any CPU
		{A87083DC-CBE5-4365-B4D8-661DE8C634D4}.Debug|Any CPU.ActiveCfg = Debug|Any CPU
		{A87083DC-CBE5-4365-B4D8-661DE8C634D4}.Debug|Any CPU.Build.0 = Debug|Any CPU
		{A87083DC-CBE5-4365-B4D8-661DE8C634D4}.Release|Any CPU.ActiveCfg = Release|Any CPU
		{A87083DC-CBE5-4365-B4D8-661DE8C634D4}.Release|Any CPU.Build.0 = Release|Any CPU
	EndGlobalSection
	GlobalSection(SolutionProperties) = preSolution
		HideSolutionNode = FALSE
	EndGlobalSection
	GlobalSection(ExtensibilityGlobals) = postSolution
		SolutionGuid = {A30A2408-4CFC-4DEB-8572-1BB92DDAC015}
	EndGlobalSection
EndGlobal
